
Microsoft Visual Studio Solution File, Format Version 12.00
# Visual Studio 2013
VisualStudioVersion = 12.0.31101.0
MinimumVisualStudioVersion = 10.0.40219.1
Project("{FAE04EC0-301F-11D3-BF4B-00C04F79EFBC}") = "CodeCamper.Web", "CodeCamper.Web\CodeCamper.Web.csproj", "{19B6DB58-DBB2-4D19-93F6-8681C096FA88}"
EndProject
Project("{FAE04EC0-301F-11D3-BF4B-00C04F79EFBC}") = "CodeCamper.Data", "CodeCamper.Data\CodeCamper.Data.csproj", "{E1BBC2AF-CA8E-4E04-8C44-F36CDEA92314}"
EndProject
Project("{FAE04EC0-301F-11D3-BF4B-00C04F79EFBC}") = "CodeCamper.Model", "CodeCamper.Model\CodeCamper.Model.csproj", "{78325A2A-26F0-42D0-AD4B-0FDE4AFC8231}"
EndProject
Project("{FAE04EC0-301F-11D3-BF4B-00C04F79EFBC}") = "NLipsum.Core", "..\NLipsum-master\NLipsum.Core\NLipsum.Core.csproj", "{800E8048-2D52-4469-BAF6-6DFBB0E77FEA}"
EndProject
Global
	GlobalSection(SolutionConfigurationPlatforms) = preSolution
		Debug|Any CPU = Debug|Any CPU
		Release|Any CPU = Release|Any CPU
	EndGlobalSection
	GlobalSection(ProjectConfigurationPlatforms) = postSolution
		{19B6DB58-DBB2-4D19-93F6-8681C096FA88}.Debug|Any CPU.ActiveCfg = Debug|Any CPU
		{19B6DB58-DBB2-4D19-93F6-8681C096FA88}.Debug|Any CPU.Build.0 = Debug|Any CPU
		{19B6DB58-DBB2-4D19-93F6-8681C096FA88}.Release|Any CPU.ActiveCfg = Release|Any CPU
		{19B6DB58-DBB2-4D19-93F6-8681C096FA88}.Release|Any CPU.Build.0 = Release|Any CPU
		{E1BBC2AF-CA8E-4E04-8C44-F36CDEA92314}.Debug|Any CPU.ActiveCfg = Debug|Any CPU
		{E1BBC2AF-CA8E-4E04-8C44-F36CDEA92314}.Debug|Any CPU.Build.0 = Debug|Any CPU
		{E1BBC2AF-CA8E-4E04-8C44-F36CDEA92314}.Release|Any CPU.ActiveCfg = Release|Any CPU
		{E1BBC2AF-CA8E-4E04-8C44-F36CDEA92314}.Release|Any CPU.Build.0 = Release|Any CPU
		{78325A2A-26F0-42D0-AD4B-0FDE4AFC8231}.Debug|Any CPU.ActiveCfg = Debug|Any CPU
		{78325A2A-26F0-42D0-AD4B-0FDE4AFC8231}.Debug|Any CPU.Build.0 = Debug|Any CPU
		{78325A2A-26F0-42D0-AD4B-0FDE4AFC8231}.Release|Any CPU.ActiveCfg = Release|Any CPU
		{78325A2A-26F0-42D0-AD4B-0FDE4AFC8231}.Release|Any CPU.Build.0 = Release|Any CPU
		{800E8048-2D52-4469-BAF6-6DFBB0E77FEA}.Debug|Any CPU.ActiveCfg = Debug|Any CPU
		{800E8048-2D52-4469-BAF6-6DFBB0E77FEA}.Debug|Any CPU.Build.0 = Debug|Any CPU
		{800E8048-2D52-4469-BAF6-6DFBB0E77FEA}.Release|Any CPU.ActiveCfg = Release|Any CPU
		{800E8048-2D52-4469-BAF6-6DFBB0E77FEA}.Release|Any CPU.Build.0 = Release|Any CPU
	EndGlobalSection
	GlobalSection(SolutionProperties) = preSolution
		HideSolutionNode = FALSE
	EndGlobalSection
EndGlobal
